
Microsoft Visual Studio Solution File, Format Version 12.00
# Visual Studio 15
VisualStudioVersion = 15.0.28307.1267
MinimumVisualStudioVersion = 10.0.40219.1
Project("{FAE04EC0-301F-11D3-BF4B-00C04F79EFBC}") = "ProjetSoustitres1", "ProjetSoustitres\ProjetSoustitres1.csproj", "{08499DA1-1AD6-493D-9E58-892623F6F2C2}"
EndProject
Global
	GlobalSection(SolutionConfigurationPlatforms) = preSolution
		Debug|Any CPU = Debug|Any CPU
		Release|Any CPU = Release|Any CPU
	EndGlobalSection
	GlobalSection(ProjectConfigurationPlatforms) = postSolution
		{08499DA1-1AD6-493D-9E58-892623F6F2C2}.Debug|Any CPU.ActiveCfg = Debug|Any CPU
		{08499DA1-1AD6-493D-9E58-892623F6F2C2}.Debug|Any CPU.Build.0 = Debug|Any CPU
		{08499DA1-1AD6-493D-9E58-892623F6F2C2}.Release|Any CPU.ActiveCfg = Release|Any CPU
		{08499DA1-1AD6-493D-9E58-892623F6F2C2}.Release|Any CPU.Build.0 = Release|Any CPU
	EndGlobalSection
	GlobalSection(SolutionProperties) = preSolution
		HideSolutionNode = FALSE
	EndGlobalSection
	GlobalSection(ExtensibilityGlobals) = postSolution
		SolutionGuid = {6BC699AB-A481-4F5E-B3D1-594461107086}
	EndGlobalSection
EndGlobal
